
Microsoft Visual Studio Solution File, Format Version 12.00
# Visual Studio Version 17
VisualStudioVersion = 17.8.34408.163
MinimumVisualStudioVersion = 10.0.40219.1
Project("{FAE04EC0-301F-11D3-BF4B-00C04F79EFBC}") = "WpfApp1", "WpfApp1\WpfApp1.csproj", "{D9279BF1-ABBB-4C46-B496-D0670A08FE38}"
EndProject
Project("{2150E333-8FDC-42A3-9474-1A3956D46DE8}") = "image", "image", "{077A2358-D319-4D23-A21F-E9ED4A6D8070}"
	ProjectSection(SolutionItems) = preProject
		Image\3d4d824825d6f8b9a2a92958d2cdea8b.png = Image\3d4d824825d6f8b9a2a92958d2cdea8b.png
		Image\kisspng_no_sy.jpg = Image\kisspng_no_sy.jpg
		Image\maxresdefault.jpg = Image\maxresdefault.jpg
		Image\oleg-gazmanov-vpered-rossiya_724489.mp4 = Image\oleg-gazmanov-vpered-rossiya_724489.mp4
	EndProjectSection
EndProject
Global
	GlobalSection(SolutionConfigurationPlatforms) = preSolution
		Debug|Any CPU = Debug|Any CPU
		Release|Any CPU = Release|Any CPU
	EndGlobalSection
	GlobalSection(ProjectConfigurationPlatforms) = postSolution
		{D9279BF1-ABBB-4C46-B496-D0670A08FE38}.Debug|Any CPU.ActiveCfg = Debug|Any CPU
		{D9279BF1-ABBB-4C46-B496-D0670A08FE38}.Debug|Any CPU.Build.0 = Debug|Any CPU
		{D9279BF1-ABBB-4C46-B496-D0670A08FE38}.Release|Any CPU.ActiveCfg = Release|Any CPU
		{D9279BF1-ABBB-4C46-B496-D0670A08FE38}.Release|Any CPU.Build.0 = Release|Any CPU
	EndGlobalSection
	GlobalSection(SolutionProperties) = preSolution
		HideSolutionNode = FALSE
	EndGlobalSection
	GlobalSection(ExtensibilityGlobals) = postSolution
		SolutionGuid = {DE6495A8-8865-42E4-9E68-66283081622F}
	EndGlobalSection
EndGlobal
